// !$*UTF8*$!
{
	archiveVersion = 1;
	classes = {
	};
	objectVersion = 46;
	objects = {

/* Begin PBXBuildFile section */
		8590BD111B7983ED009F2781 /* main.m in Sources */ = {isa = PBXBuildFile; fileRef = 8590BD101B7983ED009F2781 /* main.m */; };
		8590BD141B7983ED009F2781 /* AppDelegate.m in Sources */ = {isa = PBXBuildFile; fileRef = 8590BD131B7983ED009F2781 /* AppDelegate.m */; };
		8590BD171B7983ED009F2781 /* ViewController.m in Sources */ = {isa = PBXBuildFile; fileRef = 8590BD161B7983ED009F2781 /* ViewController.m */; };
		8590BD1A1B7983ED009F2781 /* Main.storyboard in Resources */ = {isa = PBXBuildFile; fileRef = 8590BD181B7983ED009F2781 /* Main.storyboard */; };
		8590BD1C1B7983ED009F2781 /* Images.xcassets in Resources */ = {isa = PBXBuildFile; fileRef = 8590BD1B1B7983ED009F2781 /* Images.xcassets */; };
		8590BD1F1B7983ED009F2781 /* LaunchScreen.xib in Resources */ = {isa = PBXBuildFile; fileRef = 8590BD1D1B7983ED009F2781 /* LaunchScreen.xib */; };
		8590BD2B1B7983EE009F2781 /* ___CollectionView__Tests.m in Sources */ = {isa = PBXBuildFile; fileRef = 8590BD2A1B7983EE009F2781 /* ___CollectionView__Tests.m */; };
		8590BD3A1B7999DE009F2781 /* MyImageCell.m in Sources */ = {isa = PBXBuildFile; fileRef = 8590BD381B7999DE009F2781 /* MyImageCell.m */; };
		8590BD3B1B7999DE009F2781 /* MyImageCell.xib in Resources */ = {isa = PBXBuildFile; fileRef = 8590BD391B7999DE009F2781 /* MyImageCell.xib */; };
		8590BD3E1B799F3E009F2781 /* MyLineLayout.m in Sources */ = {isa = PBXBuildFile; fileRef = 8590BD3D1B799F3E009F2781 /* MyLineLayout.m */; };
/* End PBXBuildFile section */

/* Begin PBXContainerItemProxy section */
		8590BD251B7983EE009F2781 /* PBXContainerItemProxy */ = {
			isa = PBXContainerItemProxy;
			containerPortal = 8590BD031B7983ED009F2781 /* Project object */;
			proxyType = 1;
			remoteGlobalIDString = 8590BD0A1B7983ED009F2781;
			remoteInfo = "自定义CollectionView布局";
		};
/* End PBXContainerItemProxy section */

/* Begin PBXFileReference section */
		8590BD0B1B7983ED009F2781 /* 自定义CollectionView布局.app */ = {isa = PBXFileReference; explicitFileType = wrapper.application; includeInIndex = 0; path = "自定义CollectionView布局.app"; sourceTree = BUILT_PRODUCTS_DIR; };
		8590BD0F1B7983ED009F2781 /* Info.plist */ = {isa = PBXFileReference; lastKnownFileType = text.plist.xml; path = Info.plist; sourceTree = "<group>"; };
		8590BD101B7983ED009F2781 /* main.m */ = {isa = PBXFileReference; lastKnownFileType = sourcecode.c.objc; path = main.m; sourceTree = "<group>"; };
		8590BD121B7983ED009F2781 /* AppDelegate.h */ = {isa = PBXFileReference; lastKnownFileType = sourcecode.c.h; path = AppDelegate.h; sourceTree = "<group>"; };
		8590BD131B7983ED009F2781 /* AppDelegate.m */ = {isa = PBXFileReference; lastKnownFileType = sourcecode.c.objc; path = AppDelegate.m; sourceTree = "<group>"; };
		8590BD151B7983ED009F2781 /* ViewController.h */ = {isa = PBXFileReference; lastKnownFileType = sourcecode.c.h; path = ViewController.h; sourceTree = "<group>"; };
		8590BD161B7983ED009F2781 /* ViewController.m */ = {isa = PBXFileReference; lastKnownFileType = sourcecode.c.objc; path = ViewController.m; sourceTree = "<group>"; };
		8590BD191B7983ED009F2781 /* Base */ = {isa = PBXFileReference; lastKnownFileType = file.storyboard; name = Base; path = Base.lproj/Main.storyboard; sourceTree = "<group>"; };
		8590BD1B1B7983ED009F2781 /* Images.xcassets */ = {isa = PBXFileReference; lastKnownFileType = folder.assetcatalog; path = Images.xcassets; sourceTree = "<group>"; };
		8590BD1E1B7983ED009F2781 /* Base */ = {isa = PBXFileReference; lastKnownFileType = file.xib; name = Base; path = Base.lproj/LaunchScreen.xib; sourceTree = "<group>"; };
		8590BD241B7983EE009F2781 /* 自定义CollectionView布局Tests.xctest */ = {isa = PBXFileReference; explicitFileType = wrapper.cfbundle; includeInIndex = 0; path = "自定义CollectionView布局Tests.xctest"; sourceTree = BUILT_PRODUCTS_DIR; };
		8590BD291B7983EE009F2781 /* Info.plist */ = {isa = PBXFileReference; lastKnownFileType = text.plist.xml; path = Info.plist; sourceTree = "<group>"; };
		8590BD2A1B7983EE009F2781 /* ___CollectionView__Tests.m */ = {isa = PBXFileReference; lastKnownFileType = sourcecode.c.objc; path = "___CollectionView__Tests.m"; sourceTree = "<group>"; };
		8590BD371B7999DE009F2781 /* MyImageCell.h */ = {isa = PBXFileReference; fileEncoding = 4; lastKnownFileType = sourcecode.c.h; path = MyImageCell.h; sourceTree = "<group>"; };
		8590BD381B7999DE009F2781 /* MyImageCell.m */ = {isa = PBXFileReference; fileEncoding = 4; lastKnownFileType = sourcecode.c.objc; path = MyImageCell.m; sourceTree = "<group>"; };
		8590BD391B7999DE009F2781 /* MyImageCell.xib */ = {isa = PBXFileReference; fileEncoding = 4; lastKnownFileType = file.xib; path = MyImageCell.xib; sourceTree = "<group>"; };
		8590BD3C1B799F3E009F2781 /* MyLineLayout.h */ = {isa = PBXFileReference; fileEncoding = 4; lastKnownFileType = sourcecode.c.h; path = MyLineLayout.h; sourceTree = "<group>"; };
		8590BD3D1B799F3E009F2781 /* MyLineLayout.m */ = {isa = PBXFileReference; fileEncoding = 4; lastKnownFileType = sourcecode.c.objc; path = MyLineLayout.m; sourceTree = "<group>"; };
/* End PBXFileReference section */

/* Begin PBXFrameworksBuildPhase section */
		8590BD081B7983ED009F2781 /* Frameworks */ = {
			isa = PBXFrameworksBuildPhase;
			buildActionMask = 2147483647;
			files = (
			);
			runOnlyForDeploymentPostprocessing = 0;
		};
		8590BD211B7983EE009F2781 /* Frameworks */ = {
			isa = PBXFrameworksBuildPhase;
			buildActionMask = 2147483647;
			files = (
			);
			runOnlyForDeploymentPostprocessing = 0;
		};
/* End PBXFrameworksBuildPhase section */

/* Begin PBXGroup section */
		8590BD021B7983ED009F2781 = {
			isa = PBXGroup;
			children = (
				8590BD0D1B7983ED009F2781 /* 自定义CollectionView布局 */,
				8590BD271B7983EE009F2781 /* 自定义CollectionView布局Tests */,
				8590BD0C1B7983ED009F2781 /* Products */,
			);
			sourceTree = "<group>";
		};
		8590BD0C1B7983ED009F2781 /* Products */ = {
			isa = PBXGroup;
			children = (
				8590BD0B1B7983ED009F2781 /* 自定义CollectionView布局.app */,
				8590BD241B7983EE009F2781 /* 自定义CollectionView布局Tests.xctest */,
			);
			name = Products;
			sourceTree = "<group>";
		};
		8590BD0D1B7983ED009F2781 /* 自定义CollectionView布局 */ = {
			isa = PBXGroup;
			children = (
				8590BD121B7983ED009F2781 /* AppDelegate.h */,
				8590BD131B7983ED009F2781 /* AppDelegate.m */,
				8590BD151B7983ED009F2781 /* ViewController.h */,
				8590BD161B7983ED009F2781 /* ViewController.m */,
				8590BD181B7983ED009F2781 /* Main.storyboard */,
				8590BD1B1B7983ED009F2781 /* Images.xcassets */,
				8590BD1D1B7983ED009F2781 /* LaunchScreen.xib */,
				8590BD0E1B7983ED009F2781 /* Supporting Files */,
				8590BD371B7999DE009F2781 /* MyImageCell.h */,
				8590BD381B7999DE009F2781 /* MyImageCell.m */,
				8590BD391B7999DE009F2781 /* MyImageCell.xib */,
				8590BD3C1B799F3E009F2781 /* MyLineLayout.h */,
				8590BD3D1B799F3E009F2781 /* MyLineLayout.m */,
			);
			path = "自定义CollectionView布局";
			sourceTree = "<group>";
		};
		8590BD0E1B7983ED009F2781 /* Supporting Files */ = {
			isa = PBXGroup;
			children = (
				8590BD0F1B7983ED009F2781 /* Info.plist */,
				8590BD101B7983ED009F2781 /* main.m */,
			);
			name = "Supporting Files";
			sourceTree = "<group>";
		};
		8590BD271B7983EE009F2781 /* 自定义CollectionView布局Tests */ = {
			isa = PBXGroup;
			children = (
				8590BD2A1B7983EE009F2781 /* ___CollectionView__Tests.m */,
				8590BD281B7983EE009F2781 /* Supporting Files */,
			);
			path = "自定义CollectionView布局Tests";
			sourceTree = "<group>";
		};
		8590BD281B7983EE009F2781 /* Supporting Files */ = {
			isa = PBXGroup;
			children = (
				8590BD291B7983EE009F2781 /* Info.plist */,
			);
			name = "Supporting Files";
			sourceTree = "<group>";
		};
/* End PBXGroup section */

/* Begin PBXNativeTarget section */
		8590BD0A1B7983ED009F2781 /* 自定义CollectionView布局 */ = {
			isa = PBXNativeTarget;
			buildConfigurationList = 8590BD2E1B7983EE009F2781 /* Build configuration list for PBXNativeTarget "自定义CollectionView布局" */;
			buildPhases = (
				8590BD071B7983ED009F2781 /* Sources */,
				8590BD081B7983ED009F2781 /* Frameworks */,
				8590BD091B7983ED009F2781 /* Resources */,
			);
			buildRules = (
			);
			dependencies = (
			);
			name = "自定义CollectionView布局";
			productName = "自定义CollectionView布局";
			productReference = 8590BD0B1B7983ED009F2781 /* 自定义CollectionView布局.app */;
			productType = "com.apple.product-type.application";
		};
		8590BD231B7983EE009F2781 /* 自定义CollectionView布局Tests */ = {
			isa = PBXNativeTarget;
			buildConfigurationList = 8590BD311B7983EE009F2781 /* Build configuration list for PBXNativeTarget "自定义CollectionView布局Tests" */;
			buildPhases = (
				8590BD201B7983EE009F2781 /* Sources */,
				8590BD211B7983EE009F2781 /* Frameworks */,
				8590BD221B7983EE009F2781 /* Resources */,
			);
			buildRules = (
			);
			dependencies = (
				8590BD261B7983EE009F2781 /* PBXTargetDependency */,
			);
			name = "自定义CollectionView布局Tests";
			productName = "自定义CollectionView布局Tests";
			productReference = 8590BD241B7983EE009F2781 /* 自定义CollectionView布局Tests.xctest */;
			productType = "com.apple.product-type.bundle.unit-test";
		};
/* End PBXNativeTarget section */

/* Begin PBXProject section */
		8590BD031B7983ED009F2781 /* Project object */ = {
			isa = PBXProject;
			attributes = {
				LastUpgradeCheck = 0630;
				ORGANIZATIONNAME = com.wanq;
				TargetAttributes = {
					8590BD0A1B7983ED009F2781 = {
						CreatedOnToolsVersion = 6.3;
					};
					8590BD231B7983EE009F2781 = {
						CreatedOnToolsVersion = 6.3;
						TestTargetID = 8590BD0A1B7983ED009F2781;
					};
				};
			};
			buildConfigurationList = 8590BD061B7983ED009F2781 /* Build configuration list for PBXProject "自定义CollectionView布局" */;
			compatibilityVersion = "Xcode 3.2";
			developmentRegion = English;
			hasScannedForEncodings = 0;
			knownRegions = (
				en,
				Base,
			);
			mainGroup = 8590BD021B7983ED009F2781;
			productRefGroup = 8590BD0C1B7983ED009F2781 /* Products */;
			projectDirPath = "";
			projectRoot = "";
			targets = (
				8590BD0A1B7983ED009F2781 /* 自定义CollectionView布局 */,
				8590BD231B7983EE009F2781 /* 自定义CollectionView布局Tests */,
			);
		};
/* End PBXProject section */

/* Begin PBXResourcesBuildPhase section */
		8590BD091B7983ED009F2781 /* Resources */ = {
			isa = PBXResourcesBuildPhase;
			buildActionMask = 2147483647;
			files = (
				8590BD1A1B7983ED009F2781 /* Main.storyboard in Resources */,
				8590BD3B1B7999DE009F2781 /* MyImageCell.xib in Resources */,
				8590BD1F1B7983ED009F2781 /* LaunchScreen.xib in Resources */,
				8590BD1C1B7983ED009F2781 /* Images.xcassets in Resources */,
			);
			runOnlyForDeploymentPostprocessing = 0;
		};
		8590BD221B7983EE009F2781 /* Resources */ = {
			isa = PBXResourcesBuildPhase;
			buildActionMask = 2147483647;
			files = (
			);
			runOnlyForDeploymentPostprocessing = 0;
		};
/* End PBXResourcesBuildPhase section */

/* Begin PBXSourcesBuildPhase section */
		8590BD071B7983ED009F2781 /* Sources */ = {
			isa = PBXSourcesBuildPhase;
			buildActionMask = 2147483647;
			files = (
				8590BD171B7983ED009F2781 /* ViewController.m in Sources */,
				8590BD3A1B7999DE009F2781 /* MyImageCell.m in Sources */,
				8590BD141B7983ED009F2781 /* AppDelegate.m in Sources */,
				8590BD111B7983ED009F2781 /* main.m in Sources */,
				8590BD3E1B799F3E009F2781 /* MyLineLayout.m in Sources */,
			);
			runOnlyForDeploymentPostprocessing = 0;
		};
		8590BD201B7983EE009F2781 /* Sources */ = {
			isa = PBXSourcesBuildPhase;
			buildActionMask = 2147483647;
			files = (
				8590BD2B1B7983EE009F2781 /* ___CollectionView__Tests.m in Sources */,
			);
			runOnlyForDeploymentPostprocessing = 0;
		};
/* End PBXSourcesBuildPhase section */

/* Begin PBXTargetDependency section */
		8590BD261B7983EE009F2781 /* PBXTargetDependency */ = {
			isa = PBXTargetDependency;
			target = 8590BD0A1B7983ED009F2781 /* 自定义CollectionView布局 */;
			targetProxy = 8590BD251B7983EE009F2781 /* PBXContainerItemProxy */;
		};
/* End PBXTargetDependency section */

/* Begin PBXVariantGroup section */
		8590BD181B7983ED009F2781 /* Main.storyboard */ = {
			isa = PBXVariantGroup;
			children = (
				8590BD191B7983ED009F2781 /* Base */,
			);
			name = Main.storyboard;
			sourceTree = "<group>";
		};
		8590BD1D1B7983ED009F2781 /* LaunchScreen.xib */ = {
			isa = PBXVariantGroup;
			children = (
				8590BD1E1B7983ED009F2781 /* Base */,
			);
			name = LaunchScreen.xib;
			sourceTree = "<group>";
		};
/* End PBXVariantGroup section */

/* Begin XCBuildConfiguration section */
		8590BD2C1B7983EE009F2781 /* Debug */ = {
			isa = XCBuildConfiguration;
			buildSettings = {
				ALWAYS_SEARCH_USER_PATHS = NO;
				CLANG_CXX_LANGUAGE_STANDARD = "gnu++0x";
				CLANG_CXX_LIBRARY = "libc++";
				CLANG_ENABLE_MODULES = YES;
				CLANG_ENABLE_OBJC_ARC = YES;
				CLANG_WARN_BOOL_CONVERSION = YES;
				CLANG_WARN_CONSTANT_CONVERSION = YES;
				CLANG_WARN_DIRECT_OBJC_ISA_USAGE = YES_ERROR;
				CLANG_WARN_EMPTY_BODY = YES;
				CLANG_WARN_ENUM_CONVERSION = YES;
				CLANG_WARN_INT_CONVERSION = YES;
				CLANG_WARN_OBJC_ROOT_CLASS = YES_ERROR;
				CLANG_WARN_UNREACHABLE_CODE = YES;
				CLANG_WARN__DUPLICATE_METHOD_MATCH = YES;
				"CODE_SIGN_IDENTITY[sdk=iphoneos*]" = "iPhone Developer";
				COPY_PHASE_STRIP = NO;
				DEBUG_INFORMATION_FORMAT = "dwarf-with-dsym";
				ENABLE_STRICT_OBJC_MSGSEND = YES;
				GCC_C_LANGUAGE_STANDARD = gnu99;
				GCC_DYNAMIC_NO_PIC = NO;
				GCC_NO_COMMON_BLOCKS = YES;
				GCC_OPTIMIZATION_LEVEL = 0;
				GCC_PREPROCESSOR_DEFINITIONS = (
					"DEBUG=1",
					"$(inherited)",
				);
				GCC_SYMBOLS_PRIVATE_EXTERN = NO;
				GCC_WARN_64_TO_32_BIT_CONVERSION = YES;
				GCC_WARN_ABOUT_RETURN_TYPE = YES_ERROR;
				GCC_WARN_UNDECLARED_SELECTOR = YES;
				GCC_WARN_UNINITIALIZED_AUTOS = YES_AGGRESSIVE;
				GCC_WARN_UNUSED_FUNCTION = YES;
				GCC_WARN_UNUSED_VARIABLE = YES;
				IPHONEOS_DEPLOYMENT_TARGET = 8.3;
				MTL_ENABLE_DEBUG_INFO = YES;
				ONLY_ACTIVE_ARCH = YES;
				SDKROOT = iphoneos;
			};
			name = Debug;
		};
		8590BD2D1B7983EE009F2781 /* Release */ = {
			isa = XCBuildConfiguration;
			buildSettings = {
				ALWAYS_SEARCH_USER_PATHS = NO;
				CLANG_CXX_LANGUAGE_STANDARD = "gnu++0x";
				CLANG_CXX_LIBRARY = "libc++";
				CLANG_ENABLE_MODULES = YES;
				CLANG_ENABLE_OBJC_ARC = YES;
				CLANG_WARN_BOOL_CONVERSION = YES;
				CLANG_WARN_CONSTANT_CONVERSION = YES;
				CLANG_WARN_DIRECT_OBJC_ISA_USAGE = YES_ERROR;
				CLANG_WARN_EMPTY_BODY = YES;
				CLANG_WARN_ENUM_CONVERSION = YES;
				CLANG_WARN_INT_CONVERSION = YES;
				CLANG_WARN_OBJC_ROOT_CLASS = YES_ERROR;
				CLANG_WARN_UNREACHABLE_CODE = YES;
				CLANG_WARN__DUPLICATE_METHOD_MATCH = YES;
				"CODE_SIGN_IDENTITY[sdk=iphoneos*]" = "iPhone Developer";
				COPY_PHASE_STRIP = NO;
				DEBUG_INFORMATION_FORMAT = "dwarf-with-dsym";
				ENABLE_NS_ASSERTIONS = NO;
				ENABLE_STRICT_OBJC_MSGSEND = YES;
				GCC_C_LANGUAGE_STANDARD = gnu99;
				GCC_NO_COMMON_BLOCKS = YES;
				GCC_WARN_64_TO_32_BIT_CONVERSION = YES;
				GCC_WARN_ABOUT_RETURN_TYPE = YES_ERROR;
				GCC_WARN_UNDECLARED_SELECTOR = YES;
				GCC_WARN_UNINITIALIZED_AUTOS = YES_AGGRESSIVE;
				GCC_WARN_UNUSED_FUNCTION = YES;
				GCC_WARN_UNUSED_VARIABLE = YES;
				IPHONEOS_DEPLOYMENT_TARGET = 8.3;
				MTL_ENABLE_DEBUG_INFO = NO;
				SDKROOT = iphoneos;
				VALIDATE_PRODUCT = YES;
			};
			name = Release;
		};
		8590BD2F1B7983EE009F2781 /* Debug */ = {
			isa = XCBuildConfiguration;
			buildSettings = {
				ASSETCATALOG_COMPILER_APPICON_NAME = AppIcon;
				INFOPLIST_FILE = "自定义CollectionView布局/Info.plist";
				LD_RUNPATH_SEARCH_PATHS = "$(inherited) @executable_path/Frameworks";
				PRODUCT_NAME = "$(TARGET_NAME)";
			};
			name = Debug;
		};
		8590BD301B7983EE009F2781 /* Release */ = {
			isa = XCBuildConfiguration;
			buildSettings = {
				ASSETCATALOG_COMPILER_APPICON_NAME = AppIcon;
				INFOPLIST_FILE = "自定义CollectionView布局/Info.plist";
				LD_RUNPATH_SEARCH_PATHS = "$(inherited) @executable_path/Frameworks";
				PRODUCT_NAME = "$(TARGET_NAME)";
			};
			name = Release;
		};
		8590BD321B7983EE009F2781 /* Debug */ = {
			isa = XCBuildConfiguration;
			buildSettings = {
				BUNDLE_LOADER = "$(TEST_HOST)";
				FRAMEWORK_SEARCH_PATHS = (
					"$(SDKROOT)/Developer/Library/Frameworks",
					"$(inherited)",
				);
				GCC_PREPROCESSOR_DEFINITIONS = (
					"DEBUG=1",
					"$(inherited)",
				);
				INFOPLIST_FILE = "自定义CollectionView布局Tests/Info.plist";
				LD_RUNPATH_SEARCH_PATHS = "$(inherited) @executable_path/Frameworks @loader_path/Frameworks";
				PRODUCT_NAME = "$(TARGET_NAME)";
				TEST_HOST = "$(BUILT_PRODUCTS_DIR)/自定义CollectionView布局.app/自定义CollectionView布局";
			};
			name = Debug;
		};
		8590BD331B7983EE009F2781 /* Release */ = {
			isa = XCBuildConfiguration;
			buildSettings = {
				BUNDLE_LOADER = "$(TEST_HOST)";
				FRAMEWORK_SEARCH_PATHS = (
					"$(SDKROOT)/Developer/Library/Frameworks",
					"$(inherited)",
				);
				INFOPLIST_FILE = "自定义CollectionView布局Tests/Info.plist";
				LD_RUNPATH_SEARCH_PATHS = "$(inherited) @executable_path/Frameworks @loader_path/Frameworks";
				PRODUCT_NAME = "$(TARGET_NAME)";
				TEST_HOST = "$(BUILT_PRODUCTS_DIR)/自定义CollectionView布局.app/自定义CollectionView布局";
			};
			name = Release;
		};
/* End XCBuildConfiguration section */

/* Begin XCConfigurationList section */
		8590BD061B7983ED009F2781 /* Build configuration list for PBXProject "自定义CollectionView布局" */ = {
			isa = XCConfigurationList;
			buildConfigurations = (
				8590BD2C1B7983EE009F2781 /* Debug */,
				8590BD2D1B7983EE009F2781 /* Release */,
			);
			defaultConfigurationIsVisible = 0;
			defaultConfigurationName = Release;
		};
		8590BD2E1B7983EE009F2781 /* Build configuration list for PBXNativeTarget "自定义CollectionView布局" */ = {
			isa = XCConfigurationList;
			buildConfigurations = (
				8590BD2F1B7983EE009F2781 /* Debug */,
				8590BD301B7983EE009F2781 /* Release */,
			);
			defaultConfigurationIsVisible = 0;
		};
		8590BD311B7983EE009F2781 /* Build configuration list for PBXNativeTarget "自定义CollectionView布局Tests" */ = {
			isa = XCConfigurationList;
			buildConfigurations = (
				8590BD321B7983EE009F2781 /* Debug */,
				8590BD331B7983EE009F2781 /* Release */,
			);
			defaultConfigurationIsVisible = 0;
		};
/* End XCConfigurationList section */
	};
	rootObject = 8590BD031B7983ED009F2781 /* Project object */;
}
