// !$*UTF8*$!
{
	archiveVersion = 1;
	classes = {
	};
	objectVersion = 46;
	objects = {

/* Begin PBXBuildFile section */
		2AA9D5C21B564AE1005221A4 /* Foundation.framework in Frameworks */ = {isa = PBXBuildFile; fileRef = 2AA9D5C11B564AE1005221A4 /* Foundation.framework */; };
		2AA9D5C41B564AE1005221A4 /* CoreGraphics.framework in Frameworks */ = {isa = PBXBuildFile; fileRef = 2AA9D5C31B564AE1005221A4 /* CoreGraphics.framework */; };
		2AA9D5C61B564AE1005221A4 /* UIKit.framework in Frameworks */ = {isa = PBXBuildFile; fileRef = 2AA9D5C51B564AE1005221A4 /* UIKit.framework */; };
		2AA9D5CC1B564AE1005221A4 /* InfoPlist.strings in Resources */ = {isa = PBXBuildFile; fileRef = 2AA9D5CA1B564AE1005221A4 /* InfoPlist.strings */; };
		2AA9D5CE1B564AE1005221A4 /* main.m in Sources */ = {isa = PBXBuildFile; fileRef = 2AA9D5CD1B564AE1005221A4 /* main.m */; };
		2AA9D5D21B564AE1005221A4 /* AppDelegate.m in Sources */ = {isa = PBXBuildFile; fileRef = 2AA9D5D11B564AE1005221A4 /* AppDelegate.m */; };
		2AA9D5D51B564AE1005221A4 /* Main.storyboard in Resources */ = {isa = PBXBuildFile; fileRef = 2AA9D5D31B564AE1005221A4 /* Main.storyboard */; };
		2AA9D5D81B564AE1005221A4 /* ViewController.m in Sources */ = {isa = PBXBuildFile; fileRef = 2AA9D5D71B564AE1005221A4 /* ViewController.m */; };
		2AA9D5DA1B564AE1005221A4 /* Images.xcassets in Resources */ = {isa = PBXBuildFile; fileRef = 2AA9D5D91B564AE1005221A4 /* Images.xcassets */; };
		2AA9D5E11B564AE1005221A4 /* XCTest.framework in Frameworks */ = {isa = PBXBuildFile; fileRef = 2AA9D5E01B564AE1005221A4 /* XCTest.framework */; };
		2AA9D5E21B564AE1005221A4 /* Foundation.framework in Frameworks */ = {isa = PBXBuildFile; fileRef = 2AA9D5C11B564AE1005221A4 /* Foundation.framework */; };
		2AA9D5E31B564AE1005221A4 /* UIKit.framework in Frameworks */ = {isa = PBXBuildFile; fileRef = 2AA9D5C51B564AE1005221A4 /* UIKit.framework */; };
		2AA9D5EB1B564AE1005221A4 /* InfoPlist.strings in Resources */ = {isa = PBXBuildFile; fileRef = 2AA9D5E91B564AE1005221A4 /* InfoPlist.strings */; };
		2AA9D5ED1B564AE1005221A4 /* ______UserDefaultsTests.m in Sources */ = {isa = PBXBuildFile; fileRef = 2AA9D5EC1B564AE1005221A4 /* ______UserDefaultsTests.m */; };
/* End PBXBuildFile section */

/* Begin PBXContainerItemProxy section */
		2AA9D5E41B564AE1005221A4 /* PBXContainerItemProxy */ = {
			isa = PBXContainerItemProxy;
			containerPortal = 2AA9D5B61B564AE1005221A4 /* Project object */;
			proxyType = 1;
			remoteGlobalIDString = 2AA9D5BD1B564AE1005221A4;
			remoteInfo = "数据持久化-UserDefaults";
		};
/* End PBXContainerItemProxy section */

/* Begin PBXFileReference section */
		2AA9D5BE1B564AE1005221A4 /* 数据持久化-UserDefaults.app */ = {isa = PBXFileReference; explicitFileType = wrapper.application; includeInIndex = 0; path = "数据持久化-UserDefaults.app"; sourceTree = BUILT_PRODUCTS_DIR; };
		2AA9D5C11B564AE1005221A4 /* Foundation.framework */ = {isa = PBXFileReference; lastKnownFileType = wrapper.framework; name = Foundation.framework; path = System/Library/Frameworks/Foundation.framework; sourceTree = SDKROOT; };
		2AA9D5C31B564AE1005221A4 /* CoreGraphics.framework */ = {isa = PBXFileReference; lastKnownFileType = wrapper.framework; name = CoreGraphics.framework; path = System/Library/Frameworks/CoreGraphics.framework; sourceTree = SDKROOT; };
		2AA9D5C51B564AE1005221A4 /* UIKit.framework */ = {isa = PBXFileReference; lastKnownFileType = wrapper.framework; name = UIKit.framework; path = System/Library/Frameworks/UIKit.framework; sourceTree = SDKROOT; };
		2AA9D5C91B564AE1005221A4 /* 数据持久化-UserDefaults-Info.plist */ = {isa = PBXFileReference; lastKnownFileType = text.plist.xml; path = "数据持久化-UserDefaults-Info.plist"; sourceTree = "<group>"; };
		2AA9D5CB1B564AE1005221A4 /* en */ = {isa = PBXFileReference; lastKnownFileType = text.plist.strings; name = en; path = en.lproj/InfoPlist.strings; sourceTree = "<group>"; };
		2AA9D5CD1B564AE1005221A4 /* main.m */ = {isa = PBXFileReference; lastKnownFileType = sourcecode.c.objc; path = main.m; sourceTree = "<group>"; };
		2AA9D5CF1B564AE1005221A4 /* 数据持久化-UserDefaults-Prefix.pch */ = {isa = PBXFileReference; lastKnownFileType = sourcecode.c.h; path = "数据持久化-UserDefaults-Prefix.pch"; sourceTree = "<group>"; };
		2AA9D5D01B564AE1005221A4 /* AppDelegate.h */ = {isa = PBXFileReference; lastKnownFileType = sourcecode.c.h; path = AppDelegate.h; sourceTree = "<group>"; };
		2AA9D5D11B564AE1005221A4 /* AppDelegate.m */ = {isa = PBXFileReference; lastKnownFileType = sourcecode.c.objc; path = AppDelegate.m; sourceTree = "<group>"; };
		2AA9D5D41B564AE1005221A4 /* Base */ = {isa = PBXFileReference; lastKnownFileType = file.storyboard; name = Base; path = Base.lproj/Main.storyboard; sourceTree = "<group>"; };
		2AA9D5D61B564AE1005221A4 /* ViewController.h */ = {isa = PBXFileReference; lastKnownFileType = sourcecode.c.h; path = ViewController.h; sourceTree = "<group>"; };
		2AA9D5D71B564AE1005221A4 /* ViewController.m */ = {isa = PBXFileReference; lastKnownFileType = sourcecode.c.objc; path = ViewController.m; sourceTree = "<group>"; };
		2AA9D5D91B564AE1005221A4 /* Images.xcassets */ = {isa = PBXFileReference; lastKnownFileType = folder.assetcatalog; path = Images.xcassets; sourceTree = "<group>"; };
		2AA9D5DF1B564AE1005221A4 /* 数据持久化-UserDefaultsTests.xctest */ = {isa = PBXFileReference; explicitFileType = wrapper.cfbundle; includeInIndex = 0; path = "数据持久化-UserDefaultsTests.xctest"; sourceTree = BUILT_PRODUCTS_DIR; };
		2AA9D5E01B564AE1005221A4 /* XCTest.framework */ = {isa = PBXFileReference; lastKnownFileType = wrapper.framework; name = XCTest.framework; path = Library/Frameworks/XCTest.framework; sourceTree = DEVELOPER_DIR; };
		2AA9D5E81B564AE1005221A4 /* 数据持久化-UserDefaultsTests-Info.plist */ = {isa = PBXFileReference; lastKnownFileType = text.plist.xml; path = "数据持久化-UserDefaultsTests-Info.plist"; sourceTree = "<group>"; };
		2AA9D5EA1B564AE1005221A4 /* en */ = {isa = PBXFileReference; lastKnownFileType = text.plist.strings; name = en; path = en.lproj/InfoPlist.strings; sourceTree = "<group>"; };
		2AA9D5EC1B564AE1005221A4 /* ______UserDefaultsTests.m */ = {isa = PBXFileReference; lastKnownFileType = sourcecode.c.objc; path = "______UserDefaultsTests.m"; sourceTree = "<group>"; };
/* End PBXFileReference section */

/* Begin PBXFrameworksBuildPhase section */
		2AA9D5BB1B564AE1005221A4 /* Frameworks */ = {
			isa = PBXFrameworksBuildPhase;
			buildActionMask = 2147483647;
			files = (
				2AA9D5C41B564AE1005221A4 /* CoreGraphics.framework in Frameworks */,
				2AA9D5C61B564AE1005221A4 /* UIKit.framework in Frameworks */,
				2AA9D5C21B564AE1005221A4 /* Foundation.framework in Frameworks */,
			);
			runOnlyForDeploymentPostprocessing = 0;
		};
		2AA9D5DC1B564AE1005221A4 /* Frameworks */ = {
			isa = PBXFrameworksBuildPhase;
			buildActionMask = 2147483647;
			files = (
				2AA9D5E11B564AE1005221A4 /* XCTest.framework in Frameworks */,
				2AA9D5E31B564AE1005221A4 /* UIKit.framework in Frameworks */,
				2AA9D5E21B564AE1005221A4 /* Foundation.framework in Frameworks */,
			);
			runOnlyForDeploymentPostprocessing = 0;
		};
/* End PBXFrameworksBuildPhase section */

/* Begin PBXGroup section */
		2AA9D5B51B564AE1005221A4 = {
			isa = PBXGroup;
			children = (
				2AA9D5C71B564AE1005221A4 /* 数据持久化-UserDefaults */,
				2AA9D5E61B564AE1005221A4 /* 数据持久化-UserDefaultsTests */,
				2AA9D5C01B564AE1005221A4 /* Frameworks */,
				2AA9D5BF1B564AE1005221A4 /* Products */,
			);
			sourceTree = "<group>";
		};
		2AA9D5BF1B564AE1005221A4 /* Products */ = {
			isa = PBXGroup;
			children = (
				2AA9D5BE1B564AE1005221A4 /* 数据持久化-UserDefaults.app */,
				2AA9D5DF1B564AE1005221A4 /* 数据持久化-UserDefaultsTests.xctest */,
			);
			name = Products;
			sourceTree = "<group>";
		};
		2AA9D5C01B564AE1005221A4 /* Frameworks */ = {
			isa = PBXGroup;
			children = (
				2AA9D5C11B564AE1005221A4 /* Foundation.framework */,
				2AA9D5C31B564AE1005221A4 /* CoreGraphics.framework */,
				2AA9D5C51B564AE1005221A4 /* UIKit.framework */,
				2AA9D5E01B564AE1005221A4 /* XCTest.framework */,
			);
			name = Frameworks;
			sourceTree = "<group>";
		};
		2AA9D5C71B564AE1005221A4 /* 数据持久化-UserDefaults */ = {
			isa = PBXGroup;
			children = (
				2AA9D5D01B564AE1005221A4 /* AppDelegate.h */,
				2AA9D5D11B564AE1005221A4 /* AppDelegate.m */,
				2AA9D5D31B564AE1005221A4 /* Main.storyboard */,
				2AA9D5D61B564AE1005221A4 /* ViewController.h */,
				2AA9D5D71B564AE1005221A4 /* ViewController.m */,
				2AA9D5D91B564AE1005221A4 /* Images.xcassets */,
				2AA9D5C81B564AE1005221A4 /* Supporting Files */,
			);
			path = "数据持久化-UserDefaults";
			sourceTree = "<group>";
		};
		2AA9D5C81B564AE1005221A4 /* Supporting Files */ = {
			isa = PBXGroup;
			children = (
				2AA9D5C91B564AE1005221A4 /* 数据持久化-UserDefaults-Info.plist */,
				2AA9D5CA1B564AE1005221A4 /* InfoPlist.strings */,
				2AA9D5CD1B564AE1005221A4 /* main.m */,
				2AA9D5CF1B564AE1005221A4 /* 数据持久化-UserDefaults-Prefix.pch */,
			);
			name = "Supporting Files";
			sourceTree = "<group>";
		};
		2AA9D5E61B564AE1005221A4 /* 数据持久化-UserDefaultsTests */ = {
			isa = PBXGroup;
			children = (
				2AA9D5EC1B564AE1005221A4 /* ______UserDefaultsTests.m */,
				2AA9D5E71B564AE1005221A4 /* Supporting Files */,
			);
			path = "数据持久化-UserDefaultsTests";
			sourceTree = "<group>";
		};
		2AA9D5E71B564AE1005221A4 /* Supporting Files */ = {
			isa = PBXGroup;
			children = (
				2AA9D5E81B564AE1005221A4 /* 数据持久化-UserDefaultsTests-Info.plist */,
				2AA9D5E91B564AE1005221A4 /* InfoPlist.strings */,
			);
			name = "Supporting Files";
			sourceTree = "<group>";
		};
/* End PBXGroup section */

/* Begin PBXNativeTarget section */
		2AA9D5BD1B564AE1005221A4 /* 数据持久化-UserDefaults */ = {
			isa = PBXNativeTarget;
			buildConfigurationList = 2AA9D5F01B564AE1005221A4 /* Build configuration list for PBXNativeTarget "数据持久化-UserDefaults" */;
			buildPhases = (
				2AA9D5BA1B564AE1005221A4 /* Sources */,
				2AA9D5BB1B564AE1005221A4 /* Frameworks */,
				2AA9D5BC1B564AE1005221A4 /* Resources */,
			);
			buildRules = (
			);
			dependencies = (
			);
			name = "数据持久化-UserDefaults";
			productName = "数据持久化-UserDefaults";
			productReference = 2AA9D5BE1B564AE1005221A4 /* 数据持久化-UserDefaults.app */;
			productType = "com.apple.product-type.application";
		};
		2AA9D5DE1B564AE1005221A4 /* 数据持久化-UserDefaultsTests */ = {
			isa = PBXNativeTarget;
			buildConfigurationList = 2AA9D5F31B564AE1005221A4 /* Build configuration list for PBXNativeTarget "数据持久化-UserDefaultsTests" */;
			buildPhases = (
				2AA9D5DB1B564AE1005221A4 /* Sources */,
				2AA9D5DC1B564AE1005221A4 /* Frameworks */,
				2AA9D5DD1B564AE1005221A4 /* Resources */,
			);
			buildRules = (
			);
			dependencies = (
				2AA9D5E51B564AE1005221A4 /* PBXTargetDependency */,
			);
			name = "数据持久化-UserDefaultsTests";
			productName = "数据持久化-UserDefaultsTests";
			productReference = 2AA9D5DF1B564AE1005221A4 /* 数据持久化-UserDefaultsTests.xctest */;
			productType = "com.apple.product-type.bundle.unit-test";
		};
/* End PBXNativeTarget section */

/* Begin PBXProject section */
		2AA9D5B61B564AE1005221A4 /* Project object */ = {
			isa = PBXProject;
			attributes = {
				LastUpgradeCheck = 0510;
				ORGANIZATIONNAME = "万齐鹣";
				TargetAttributes = {
					2AA9D5DE1B564AE1005221A4 = {
						TestTargetID = 2AA9D5BD1B564AE1005221A4;
					};
				};
			};
			buildConfigurationList = 2AA9D5B91B564AE1005221A4 /* Build configuration list for PBXProject "数据持久化-UserDefaults" */;
			compatibilityVersion = "Xcode 3.2";
			developmentRegion = English;
			hasScannedForEncodings = 0;
			knownRegions = (
				en,
				Base,
			);
			mainGroup = 2AA9D5B51B564AE1005221A4;
			productRefGroup = 2AA9D5BF1B564AE1005221A4 /* Products */;
			projectDirPath = "";
			projectRoot = "";
			targets = (
				2AA9D5BD1B564AE1005221A4 /* 数据持久化-UserDefaults */,
				2AA9D5DE1B564AE1005221A4 /* 数据持久化-UserDefaultsTests */,
			);
		};
/* End PBXProject section */

/* Begin PBXResourcesBuildPhase section */
		2AA9D5BC1B564AE1005221A4 /* Resources */ = {
			isa = PBXResourcesBuildPhase;
			buildActionMask = 2147483647;
			files = (
				2AA9D5DA1B564AE1005221A4 /* Images.xcassets in Resources */,
				2AA9D5CC1B564AE1005221A4 /* InfoPlist.strings in Resources */,
				2AA9D5D51B564AE1005221A4 /* Main.storyboard in Resources */,
			);
			runOnlyForDeploymentPostprocessing = 0;
		};
		2AA9D5DD1B564AE1005221A4 /* Resources */ = {
			isa = PBXResourcesBuildPhase;
			buildActionMask = 2147483647;
			files = (
				2AA9D5EB1B564AE1005221A4 /* InfoPlist.strings in Resources */,
			);
			runOnlyForDeploymentPostprocessing = 0;
		};
/* End PBXResourcesBuildPhase section */

/* Begin PBXSourcesBuildPhase section */
		2AA9D5BA1B564AE1005221A4 /* Sources */ = {
			isa = PBXSourcesBuildPhase;
			buildActionMask = 2147483647;
			files = (
				2AA9D5D81B564AE1005221A4 /* ViewController.m in Sources */,
				2AA9D5D21B564AE1005221A4 /* AppDelegate.m in Sources */,
				2AA9D5CE1B564AE1005221A4 /* main.m in Sources */,
			);
			runOnlyForDeploymentPostprocessing = 0;
		};
		2AA9D5DB1B564AE1005221A4 /* Sources */ = {
			isa = PBXSourcesBuildPhase;
			buildActionMask = 2147483647;
			files = (
				2AA9D5ED1B564AE1005221A4 /* ______UserDefaultsTests.m in Sources */,
			);
			runOnlyForDeploymentPostprocessing = 0;
		};
/* End PBXSourcesBuildPhase section */

/* Begin PBXTargetDependency section */
		2AA9D5E51B564AE1005221A4 /* PBXTargetDependency */ = {
			isa = PBXTargetDependency;
			target = 2AA9D5BD1B564AE1005221A4 /* 数据持久化-UserDefaults */;
			targetProxy = 2AA9D5E41B564AE1005221A4 /* PBXContainerItemProxy */;
		};
/* End PBXTargetDependency section */

/* Begin PBXVariantGroup section */
		2AA9D5CA1B564AE1005221A4 /* InfoPlist.strings */ = {
			isa = PBXVariantGroup;
			children = (
				2AA9D5CB1B564AE1005221A4 /* en */,
			);
			name = InfoPlist.strings;
			sourceTree = "<group>";
		};
		2AA9D5D31B564AE1005221A4 /* Main.storyboard */ = {
			isa = PBXVariantGroup;
			children = (
				2AA9D5D41B564AE1005221A4 /* Base */,
			);
			name = Main.storyboard;
			sourceTree = "<group>";
		};
		2AA9D5E91B564AE1005221A4 /* InfoPlist.strings */ = {
			isa = PBXVariantGroup;
			children = (
				2AA9D5EA1B564AE1005221A4 /* en */,
			);
			name = InfoPlist.strings;
			sourceTree = "<group>";
		};
/* End PBXVariantGroup section */

/* Begin XCBuildConfiguration section */
		2AA9D5EE1B564AE1005221A4 /* Debug */ = {
			isa = XCBuildConfiguration;
			buildSettings = {
				ALWAYS_SEARCH_USER_PATHS = NO;
				CLANG_CXX_LANGUAGE_STANDARD = "gnu++0x";
				CLANG_CXX_LIBRARY = "libc++";
				CLANG_ENABLE_MODULES = YES;
				CLANG_ENABLE_OBJC_ARC = YES;
				CLANG_WARN_BOOL_CONVERSION = YES;
				CLANG_WARN_CONSTANT_CONVERSION = YES;
				CLANG_WARN_DIRECT_OBJC_ISA_USAGE = YES_ERROR;
				CLANG_WARN_EMPTY_BODY = YES;
				CLANG_WARN_ENUM_CONVERSION = YES;
				CLANG_WARN_INT_CONVERSION = YES;
				CLANG_WARN_OBJC_ROOT_CLASS = YES_ERROR;
				CLANG_WARN__DUPLICATE_METHOD_MATCH = YES;
				"CODE_SIGN_IDENTITY[sdk=iphoneos*]" = "iPhone Developer";
				COPY_PHASE_STRIP = NO;
				GCC_C_LANGUAGE_STANDARD = gnu99;
				GCC_DYNAMIC_NO_PIC = NO;
				GCC_OPTIMIZATION_LEVEL = 0;
				GCC_PREPROCESSOR_DEFINITIONS = (
					"DEBUG=1",
					"$(inherited)",
				);
				GCC_SYMBOLS_PRIVATE_EXTERN = NO;
				GCC_WARN_64_TO_32_BIT_CONVERSION = YES;
				GCC_WARN_ABOUT_RETURN_TYPE = YES_ERROR;
				GCC_WARN_UNDECLARED_SELECTOR = YES;
				GCC_WARN_UNINITIALIZED_AUTOS = YES_AGGRESSIVE;
				GCC_WARN_UNUSED_FUNCTION = YES;
				GCC_WARN_UNUSED_VARIABLE = YES;
				IPHONEOS_DEPLOYMENT_TARGET = 7.1;
				ONLY_ACTIVE_ARCH = YES;
				SDKROOT = iphoneos;
			};
			name = Debug;
		};
		2AA9D5EF1B564AE1005221A4 /* Release */ = {
			isa = XCBuildConfiguration;
			buildSettings = {
				ALWAYS_SEARCH_USER_PATHS = NO;
				CLANG_CXX_LANGUAGE_STANDARD = "gnu++0x";
				CLANG_CXX_LIBRARY = "libc++";
				CLANG_ENABLE_MODULES = YES;
				CLANG_ENABLE_OBJC_ARC = YES;
				CLANG_WARN_BOOL_CONVERSION = YES;
				CLANG_WARN_CONSTANT_CONVERSION = YES;
				CLANG_WARN_DIRECT_OBJC_ISA_USAGE = YES_ERROR;
				CLANG_WARN_EMPTY_BODY = YES;
				CLANG_WARN_ENUM_CONVERSION = YES;
				CLANG_WARN_INT_CONVERSION = YES;
				CLANG_WARN_OBJC_ROOT_CLASS = YES_ERROR;
				CLANG_WARN__DUPLICATE_METHOD_MATCH = YES;
				"CODE_SIGN_IDENTITY[sdk=iphoneos*]" = "iPhone Developer";
				COPY_PHASE_STRIP = YES;
				ENABLE_NS_ASSERTIONS = NO;
				GCC_C_LANGUAGE_STANDARD = gnu99;
				GCC_WARN_64_TO_32_BIT_CONVERSION = YES;
				GCC_WARN_ABOUT_RETURN_TYPE = YES_ERROR;
				GCC_WARN_UNDECLARED_SELECTOR = YES;
				GCC_WARN_UNINITIALIZED_AUTOS = YES_AGGRESSIVE;
				GCC_WARN_UNUSED_FUNCTION = YES;
				GCC_WARN_UNUSED_VARIABLE = YES;
				IPHONEOS_DEPLOYMENT_TARGET = 7.1;
				SDKROOT = iphoneos;
				VALIDATE_PRODUCT = YES;
			};
			name = Release;
		};
		2AA9D5F11B564AE1005221A4 /* Debug */ = {
			isa = XCBuildConfiguration;
			buildSettings = {
				ASSETCATALOG_COMPILER_APPICON_NAME = AppIcon;
				ASSETCATALOG_COMPILER_LAUNCHIMAGE_NAME = LaunchImage;
				GCC_PRECOMPILE_PREFIX_HEADER = YES;
				GCC_PREFIX_HEADER = "数据持久化-UserDefaults/数据持久化-UserDefaults-Prefix.pch";
				INFOPLIST_FILE = "数据持久化-UserDefaults/数据持久化-UserDefaults-Info.plist";
				PRODUCT_NAME = "$(TARGET_NAME)";
				WRAPPER_EXTENSION = app;
			};
			name = Debug;
		};
		2AA9D5F21B564AE1005221A4 /* Release */ = {
			isa = XCBuildConfiguration;
			buildSettings = {
				ASSETCATALOG_COMPILER_APPICON_NAME = AppIcon;
				ASSETCATALOG_COMPILER_LAUNCHIMAGE_NAME = LaunchImage;
				GCC_PRECOMPILE_PREFIX_HEADER = YES;
				GCC_PREFIX_HEADER = "数据持久化-UserDefaults/数据持久化-UserDefaults-Prefix.pch";
				INFOPLIST_FILE = "数据持久化-UserDefaults/数据持久化-UserDefaults-Info.plist";
				PRODUCT_NAME = "$(TARGET_NAME)";
				WRAPPER_EXTENSION = app;
			};
			name = Release;
		};
		2AA9D5F41B564AE1005221A4 /* Debug */ = {
			isa = XCBuildConfiguration;
			buildSettings = {
				BUNDLE_LOADER = "$(BUILT_PRODUCTS_DIR)/数据持久化-UserDefaults.app/数据持久化-UserDefaults";
				FRAMEWORK_SEARCH_PATHS = (
					"$(SDKROOT)/Developer/Library/Frameworks",
					"$(inherited)",
					"$(DEVELOPER_FRAMEWORKS_DIR)",
				);
				GCC_PRECOMPILE_PREFIX_HEADER = YES;
				GCC_PREFIX_HEADER = "数据持久化-UserDefaults/数据持久化-UserDefaults-Prefix.pch";
				GCC_PREPROCESSOR_DEFINITIONS = (
					"DEBUG=1",
					"$(inherited)",
				);
				INFOPLIST_FILE = "数据持久化-UserDefaultsTests/数据持久化-UserDefaultsTests-Info.plist";
				PRODUCT_NAME = "$(TARGET_NAME)";
				TEST_HOST = "$(BUNDLE_LOADER)";
				WRAPPER_EXTENSION = xctest;
			};
			name = Debug;
		};
		2AA9D5F51B564AE1005221A4 /* Release */ = {
			isa = XCBuildConfiguration;
			buildSettings = {
				BUNDLE_LOADER = "$(BUILT_PRODUCTS_DIR)/数据持久化-UserDefaults.app/数据持久化-UserDefaults";
				FRAMEWORK_SEARCH_PATHS = (
					"$(SDKROOT)/Developer/Library/Frameworks",
					"$(inherited)",
					"$(DEVELOPER_FRAMEWORKS_DIR)",
				);
				GCC_PRECOMPILE_PREFIX_HEADER = YES;
				GCC_PREFIX_HEADER = "数据持久化-UserDefaults/数据持久化-UserDefaults-Prefix.pch";
				INFOPLIST_FILE = "数据持久化-UserDefaultsTests/数据持久化-UserDefaultsTests-Info.plist";
				PRODUCT_NAME = "$(TARGET_NAME)";
				TEST_HOST = "$(BUNDLE_LOADER)";
				WRAPPER_EXTENSION = xctest;
			};
			name = Release;
		};
/* End XCBuildConfiguration section */

/* Begin XCConfigurationList section */
		2AA9D5B91B564AE1005221A4 /* Build configuration list for PBXProject "数据持久化-UserDefaults" */ = {
			isa = XCConfigurationList;
			buildConfigurations = (
				2AA9D5EE1B564AE1005221A4 /* Debug */,
				2AA9D5EF1B564AE1005221A4 /* Release */,
			);
			defaultConfigurationIsVisible = 0;
			defaultConfigurationName = Release;
		};
		2AA9D5F01B564AE1005221A4 /* Build configuration list for PBXNativeTarget "数据持久化-UserDefaults" */ = {
			isa = XCConfigurationList;
			buildConfigurations = (
				2AA9D5F11B564AE1005221A4 /* Debug */,
				2AA9D5F21B564AE1005221A4 /* Release */,
			);
			defaultConfigurationIsVisible = 0;
		};
		2AA9D5F31B564AE1005221A4 /* Build configuration list for PBXNativeTarget "数据持久化-UserDefaultsTests" */ = {
			isa = XCConfigurationList;
			buildConfigurations = (
				2AA9D5F41B564AE1005221A4 /* Debug */,
				2AA9D5F51B564AE1005221A4 /* Release */,
			);
			defaultConfigurationIsVisible = 0;
		};
/* End XCConfigurationList section */
	};
	rootObject = 2AA9D5B61B564AE1005221A4 /* Project object */;
}
